<?xml version="1.0" encoding="utf-8"?>
<Project ToolsVersion="17.0" xmlns="http://schemas.microsoft.com/developer/msbuild/2003">
  <ItemGroup>
    <ClCompile Include="C:\Users\megal\source\repos\CSE165_Project\CSE165Project\CSE165\libraries\include\glad\src\glad.c">
      <Filter>Source Files</Filter>
    </ClCompile>
  </ItemGroup>
  <ItemGroup>
    <ClInclude Include="C:\Users\megal\source\repos\CSE165_Project\CSE165Project\CSE165\libraries\include\glad\include\glad\glad.h">
      <Filter>Header Files</Filter>
    </ClInclude>
  </ItemGroup>
  <ItemGroup>
    <CustomBuild Include="C:\Users\megal\source\repos\CSE165_Project\CSE165Project\CSE165\libraries\include\glad\CMakeLists.txt" />
  </ItemGroup>
  <ItemGroup>
    <Filter Include="CMake Rules">
      <UniqueIdentifier>{ECB4A24B-14DD-365E-8211-55F4284E3A56}</UniqueIdentifier>
    </Filter>
    <Filter Include="Header Files">
      <UniqueIdentifier>{9BCDFA7D-76E6-3340-B3E8-E028C41464A6}</UniqueIdentifier>
    </Filter>
    <Filter Include="Source Files">
      <UniqueIdentifier>{433E653F-0F73-3C0A-83E1-556FC3D7012F}</UniqueIdentifier>
    </Filter>
  </ItemGroup>
</Project>
